
Microsoft Visual Studio Solution File, Format Version 12.00
# Visual Studio 15
VisualStudioVersion = 15.0.28307.421
MinimumVisualStudioVersion = 10.0.40219.1
Project("{FAE04EC0-301F-11D3-BF4B-00C04F79EFBC}") = "num5", "num5\num5.csproj", "{CBC3AEE3-A754-4808-BDE9-4F8F7CFF7127}"
EndProject
Global
	GlobalSection(SolutionConfigurationPlatforms) = preSolution
		Debug|Any CPU = Debug|Any CPU
		Release|Any CPU = Release|Any CPU
	EndGlobalSection
	GlobalSection(ProjectConfigurationPlatforms) = postSolution
		{CBC3AEE3-A754-4808-BDE9-4F8F7CFF7127}.Debug|Any CPU.ActiveCfg = Debug|Any CPU
		{CBC3AEE3-A754-4808-BDE9-4F8F7CFF7127}.Debug|Any CPU.Build.0 = Debug|Any CPU
		{CBC3AEE3-A754-4808-BDE9-4F8F7CFF7127}.Release|Any CPU.ActiveCfg = Release|Any CPU
		{CBC3AEE3-A754-4808-BDE9-4F8F7CFF7127}.Release|Any CPU.Build.0 = Release|Any CPU
	EndGlobalSection
	GlobalSection(SolutionProperties) = preSolution
		HideSolutionNode = FALSE
	EndGlobalSection
	GlobalSection(ExtensibilityGlobals) = postSolution
		SolutionGuid = {1E4A9612-9BA3-415E-A738-B3506BAE2E9D}
	EndGlobalSection
EndGlobal
